
Microsoft Visual Studio Solution File, Format Version 12.00
# Visual Studio Version 16
VisualStudioVersion = 16.0.30621.155
MinimumVisualStudioVersion = 10.0.40219.1
Project("{9A19103F-16F7-4668-BE54-9A1E7A4F7556}") = "ProjetoMVC[ASP.NET]", "ProjetoMVC[ASP.NET]\ProjetoMVC[ASP.NET].csproj", "{C243D41D-2560-46B4-A514-0C00D603B5F1}"
EndProject
Project("{FAE04EC0-301F-11D3-BF4B-00C04F79EFBC}") = "API", "API\API.csproj", "{1BB101BA-89E7-4E45-AFEC-11B0FBBAC6FF}"
EndProject
Global
	GlobalSection(SolutionConfigurationPlatforms) = preSolution
		Debug|Any CPU = Debug|Any CPU
		Release|Any CPU = Release|Any CPU
	EndGlobalSection
	GlobalSection(ProjectConfigurationPlatforms) = postSolution
		{C243D41D-2560-46B4-A514-0C00D603B5F1}.Debug|Any CPU.ActiveCfg = Debug|Any CPU
		{C243D41D-2560-46B4-A514-0C00D603B5F1}.Debug|Any CPU.Build.0 = Debug|Any CPU
		{C243D41D-2560-46B4-A514-0C00D603B5F1}.Release|Any CPU.ActiveCfg = Release|Any CPU
		{C243D41D-2560-46B4-A514-0C00D603B5F1}.Release|Any CPU.Build.0 = Release|Any CPU
		{1BB101BA-89E7-4E45-AFEC-11B0FBBAC6FF}.Debug|Any CPU.ActiveCfg = Debug|Any CPU
		{1BB101BA-89E7-4E45-AFEC-11B0FBBAC6FF}.Debug|Any CPU.Build.0 = Debug|Any CPU
		{1BB101BA-89E7-4E45-AFEC-11B0FBBAC6FF}.Release|Any CPU.ActiveCfg = Release|Any CPU
		{1BB101BA-89E7-4E45-AFEC-11B0FBBAC6FF}.Release|Any CPU.Build.0 = Release|Any CPU
	EndGlobalSection
	GlobalSection(SolutionProperties) = preSolution
		HideSolutionNode = FALSE
	EndGlobalSection
	GlobalSection(ExtensibilityGlobals) = postSolution
		SolutionGuid = {E832F940-5961-4C30-AE5B-4A2BBF5693DA}
	EndGlobalSection
EndGlobal
